// !$*UTF8*$!
{
	archiveVersion = 1;
	classes = {
	};
	objectVersion = 46;
	objects = {

/* Begin PBXBuildFile section */
		2EDBA8491BE8C08A00ED470C /* main.cpp in Sources */ = {isa = PBXBuildFile; fileRef = 2EDBA8481BE8C08A00ED470C /* main.cpp */; };
		2EDBA85F1BE8C76800ED470C /* libopencv_calib3d.3.0.0.dylib in Frameworks */ = {isa = PBXBuildFile; fileRef = 2EDBA84F1BE8C76800ED470C /* libopencv_calib3d.3.0.0.dylib */; };
		2EDBA8601BE8C76800ED470C /* libopencv_core.3.0.0.dylib in Frameworks */ = {isa = PBXBuildFile; fileRef = 2EDBA8501BE8C76800ED470C /* libopencv_core.3.0.0.dylib */; };
		2EDBA8611BE8C76800ED470C /* libopencv_features2d.3.0.0.dylib in Frameworks */ = {isa = PBXBuildFile; fileRef = 2EDBA8511BE8C76800ED470C /* libopencv_features2d.3.0.0.dylib */; };
		2EDBA8621BE8C76800ED470C /* libopencv_flann.3.0.0.dylib in Frameworks */ = {isa = PBXBuildFile; fileRef = 2EDBA8521BE8C76800ED470C /* libopencv_flann.3.0.0.dylib */; };
		2EDBA8631BE8C76800ED470C /* libopencv_highgui.3.0.0.dylib in Frameworks */ = {isa = PBXBuildFile; fileRef = 2EDBA8531BE8C76800ED470C /* libopencv_highgui.3.0.0.dylib */; };
		2EDBA8641BE8C76800ED470C /* libopencv_imgcodecs.3.0.0.dylib in Frameworks */ = {isa = PBXBuildFile; fileRef = 2EDBA8541BE8C76800ED470C /* libopencv_imgcodecs.3.0.0.dylib */; };
		2EDBA8651BE8C76800ED470C /* libopencv_imgproc.3.0.0.dylib in Frameworks */ = {isa = PBXBuildFile; fileRef = 2EDBA8551BE8C76800ED470C /* libopencv_imgproc.3.0.0.dylib */; };
		2EDBA8661BE8C76800ED470C /* libopencv_ml.3.0.0.dylib in Frameworks */ = {isa = PBXBuildFile; fileRef = 2EDBA8561BE8C76800ED470C /* libopencv_ml.3.0.0.dylib */; };
		2EDBA8671BE8C76800ED470C /* libopencv_objdetect.3.0.0.dylib in Frameworks */ = {isa = PBXBuildFile; fileRef = 2EDBA8571BE8C76800ED470C /* libopencv_objdetect.3.0.0.dylib */; };
		2EDBA8681BE8C76800ED470C /* libopencv_photo.3.0.0.dylib in Frameworks */ = {isa = PBXBuildFile; fileRef = 2EDBA8581BE8C76800ED470C /* libopencv_photo.3.0.0.dylib */; };
		2EDBA8691BE8C76800ED470C /* libopencv_shape.3.0.0.dylib in Frameworks */ = {isa = PBXBuildFile; fileRef = 2EDBA8591BE8C76800ED470C /* libopencv_shape.3.0.0.dylib */; };
		2EDBA86A1BE8C76800ED470C /* libopencv_stitching.3.0.0.dylib in Frameworks */ = {isa = PBXBuildFile; fileRef = 2EDBA85A1BE8C76800ED470C /* libopencv_stitching.3.0.0.dylib */; };
		2EDBA86B1BE8C76800ED470C /* libopencv_superres.3.0.0.dylib in Frameworks */ = {isa = PBXBuildFile; fileRef = 2EDBA85B1BE8C76800ED470C /* libopencv_superres.3.0.0.dylib */; };
		2EDBA86C1BE8C76800ED470C /* libopencv_video.3.0.0.dylib in Frameworks */ = {isa = PBXBuildFile; fileRef = 2EDBA85C1BE8C76800ED470C /* libopencv_video.3.0.0.dylib */; };
		2EDBA86D1BE8C76800ED470C /* libopencv_videoio.3.0.0.dylib in Frameworks */ = {isa = PBXBuildFile; fileRef = 2EDBA85D1BE8C76800ED470C /* libopencv_videoio.3.0.0.dylib */; };
		2EDBA86E1BE8C76800ED470C /* libopencv_videostab.3.0.0.dylib in Frameworks */ = {isa = PBXBuildFile; fileRef = 2EDBA85E1BE8C76800ED470C /* libopencv_videostab.3.0.0.dylib */; };
		2EDBA8721BE8E3EC00ED470C /* MRImage.cpp in Sources */ = {isa = PBXBuildFile; fileRef = 2EDBA8701BE8E3EC00ED470C /* MRImage.cpp */; };
/* End PBXBuildFile section */

/* Begin PBXCopyFilesBuildPhase section */
		2EDBA8431BE8C08A00ED470C /* CopyFiles */ = {
			isa = PBXCopyFilesBuildPhase;
			buildActionMask = 2147483647;
			dstPath = /usr/share/man/man1/;
			dstSubfolderSpec = 0;
			files = (
			);
			runOnlyForDeploymentPostprocessing = 1;
		};
/* End PBXCopyFilesBuildPhase section */

/* Begin PBXFileReference section */
		2EDBA8451BE8C08A00ED470C /* MovieRec */ = {isa = PBXFileReference; explicitFileType = "compiled.mach-o.executable"; includeInIndex = 0; path = MovieRec; sourceTree = BUILT_PRODUCTS_DIR; };
		2EDBA8481BE8C08A00ED470C /* main.cpp */ = {isa = PBXFileReference; lastKnownFileType = sourcecode.cpp.cpp; path = main.cpp; sourceTree = "<group>"; };
		2EDBA84F1BE8C76800ED470C /* libopencv_calib3d.3.0.0.dylib */ = {isa = PBXFileReference; lastKnownFileType = "compiled.mach-o.dylib"; name = libopencv_calib3d.3.0.0.dylib; path = /usr/local/lib/libopencv_calib3d.3.0.0.dylib; sourceTree = "<absolute>"; };
		2EDBA8501BE8C76800ED470C /* libopencv_core.3.0.0.dylib */ = {isa = PBXFileReference; lastKnownFileType = "compiled.mach-o.dylib"; name = libopencv_core.3.0.0.dylib; path = /usr/local/lib/libopencv_core.3.0.0.dylib; sourceTree = "<absolute>"; };
		2EDBA8511BE8C76800ED470C /* libopencv_features2d.3.0.0.dylib */ = {isa = PBXFileReference; lastKnownFileType = "compiled.mach-o.dylib"; name = libopencv_features2d.3.0.0.dylib; path = /usr/local/lib/libopencv_features2d.3.0.0.dylib; sourceTree = "<absolute>"; };
		2EDBA8521BE8C76800ED470C /* libopencv_flann.3.0.0.dylib */ = {isa = PBXFileReference; lastKnownFileType = "compiled.mach-o.dylib"; name = libopencv_flann.3.0.0.dylib; path = /usr/local/lib/libopencv_flann.3.0.0.dylib; sourceTree = "<absolute>"; };
		2EDBA8531BE8C76800ED470C /* libopencv_highgui.3.0.0.dylib */ = {isa = PBXFileReference; lastKnownFileType = "compiled.mach-o.dylib"; name = libopencv_highgui.3.0.0.dylib; path = /usr/local/lib/libopencv_highgui.3.0.0.dylib; sourceTree = "<absolute>"; };
		2EDBA8541BE8C76800ED470C /* libopencv_imgcodecs.3.0.0.dylib */ = {isa = PBXFileReference; lastKnownFileType = "compiled.mach-o.dylib"; name = libopencv_imgcodecs.3.0.0.dylib; path = /usr/local/lib/libopencv_imgcodecs.3.0.0.dylib; sourceTree = "<absolute>"; };
		2EDBA8551BE8C76800ED470C /* libopencv_imgproc.3.0.0.dylib */ = {isa = PBXFileReference; lastKnownFileType = "compiled.mach-o.dylib"; name = libopencv_imgproc.3.0.0.dylib; path = /usr/local/lib/libopencv_imgproc.3.0.0.dylib; sourceTree = "<absolute>"; };
		2EDBA8561BE8C76800ED470C /* libopencv_ml.3.0.0.dylib */ = {isa = PBXFileReference; lastKnownFileType = "compiled.mach-o.dylib"; name = libopencv_ml.3.0.0.dylib; path = /usr/local/lib/libopencv_ml.3.0.0.dylib; sourceTree = "<absolute>"; };
		2EDBA8571BE8C76800ED470C /* libopencv_objdetect.3.0.0.dylib */ = {isa = PBXFileReference; lastKnownFileType = "compiled.mach-o.dylib"; name = libopencv_objdetect.3.0.0.dylib; path = /usr/local/lib/libopencv_objdetect.3.0.0.dylib; sourceTree = "<absolute>"; };
		2EDBA8581BE8C76800ED470C /* libopencv_photo.3.0.0.dylib */ = {isa = PBXFileReference; lastKnownFileType = "compiled.mach-o.dylib"; name = libopencv_photo.3.0.0.dylib; path = /usr/local/lib/libopencv_photo.3.0.0.dylib; sourceTree = "<absolute>"; };
		2EDBA8591BE8C76800ED470C /* libopencv_shape.3.0.0.dylib */ = {isa = PBXFileReference; lastKnownFileType = "compiled.mach-o.dylib"; name = libopencv_shape.3.0.0.dylib; path = /usr/local/lib/libopencv_shape.3.0.0.dylib; sourceTree = "<absolute>"; };
		2EDBA85A1BE8C76800ED470C /* libopencv_stitching.3.0.0.dylib */ = {isa = PBXFileReference; lastKnownFileType = "compiled.mach-o.dylib"; name = libopencv_stitching.3.0.0.dylib; path = /usr/local/lib/libopencv_stitching.3.0.0.dylib; sourceTree = "<absolute>"; };
		2EDBA85B1BE8C76800ED470C /* libopencv_superres.3.0.0.dylib */ = {isa = PBXFileReference; lastKnownFileType = "compiled.mach-o.dylib"; name = libopencv_superres.3.0.0.dylib; path = /usr/local/lib/libopencv_superres.3.0.0.dylib; sourceTree = "<absolute>"; };
		2EDBA85C1BE8C76800ED470C /* libopencv_video.3.0.0.dylib */ = {isa = PBXFileReference; lastKnownFileType = "compiled.mach-o.dylib"; name = libopencv_video.3.0.0.dylib; path = /usr/local/lib/libopencv_video.3.0.0.dylib; sourceTree = "<absolute>"; };
		2EDBA85D1BE8C76800ED470C /* libopencv_videoio.3.0.0.dylib */ = {isa = PBXFileReference; lastKnownFileType = "compiled.mach-o.dylib"; name = libopencv_videoio.3.0.0.dylib; path = /usr/local/lib/libopencv_videoio.3.0.0.dylib; sourceTree = "<absolute>"; };
		2EDBA85E1BE8C76800ED470C /* libopencv_videostab.3.0.0.dylib */ = {isa = PBXFileReference; lastKnownFileType = "compiled.mach-o.dylib"; name = libopencv_videostab.3.0.0.dylib; path = /usr/local/lib/libopencv_videostab.3.0.0.dylib; sourceTree = "<absolute>"; };
		2EDBA8701BE8E3EC00ED470C /* MRImage.cpp */ = {isa = PBXFileReference; fileEncoding = 4; lastKnownFileType = sourcecode.cpp.cpp; name = MRImage.cpp; path = Structure/MRImage.cpp; sourceTree = "<group>"; };
		2EDBA8711BE8E3EC00ED470C /* MRImage.h */ = {isa = PBXFileReference; fileEncoding = 4; lastKnownFileType = sourcecode.c.h; name = MRImage.h; path = Structure/MRImage.h; sourceTree = "<group>"; };
/* End PBXFileReference section */

/* Begin PBXFrameworksBuildPhase section */
		2EDBA8421BE8C08A00ED470C /* Frameworks */ = {
			isa = PBXFrameworksBuildPhase;
			buildActionMask = 2147483647;
			files = (
				2EDBA86E1BE8C76800ED470C /* libopencv_videostab.3.0.0.dylib in Frameworks */,
				2EDBA86C1BE8C76800ED470C /* libopencv_video.3.0.0.dylib in Frameworks */,
				2EDBA86A1BE8C76800ED470C /* libopencv_stitching.3.0.0.dylib in Frameworks */,
				2EDBA8611BE8C76800ED470C /* libopencv_features2d.3.0.0.dylib in Frameworks */,
				2EDBA8691BE8C76800ED470C /* libopencv_shape.3.0.0.dylib in Frameworks */,
				2EDBA8661BE8C76800ED470C /* libopencv_ml.3.0.0.dylib in Frameworks */,
				2EDBA86B1BE8C76800ED470C /* libopencv_superres.3.0.0.dylib in Frameworks */,
				2EDBA8651BE8C76800ED470C /* libopencv_imgproc.3.0.0.dylib in Frameworks */,
				2EDBA85F1BE8C76800ED470C /* libopencv_calib3d.3.0.0.dylib in Frameworks */,
				2EDBA8671BE8C76800ED470C /* libopencv_objdetect.3.0.0.dylib in Frameworks */,
				2EDBA8621BE8C76800ED470C /* libopencv_flann.3.0.0.dylib in Frameworks */,
				2EDBA86D1BE8C76800ED470C /* libopencv_videoio.3.0.0.dylib in Frameworks */,
				2EDBA8601BE8C76800ED470C /* libopencv_core.3.0.0.dylib in Frameworks */,
				2EDBA8631BE8C76800ED470C /* libopencv_highgui.3.0.0.dylib in Frameworks */,
				2EDBA8641BE8C76800ED470C /* libopencv_imgcodecs.3.0.0.dylib in Frameworks */,
				2EDBA8681BE8C76800ED470C /* libopencv_photo.3.0.0.dylib in Frameworks */,
			);
			runOnlyForDeploymentPostprocessing = 0;
		};
/* End PBXFrameworksBuildPhase section */

/* Begin PBXGroup section */
		2EDBA83C1BE8C08A00ED470C = {
			isa = PBXGroup;
			children = (
				2EDBA86F1BE8C78000ED470C /* OpenCV */,
				2EDBA8471BE8C08A00ED470C /* Src */,
				2EDBA8461BE8C08A00ED470C /* Products */,
			);
			sourceTree = "<group>";
		};
		2EDBA8461BE8C08A00ED470C /* Products */ = {
			isa = PBXGroup;
			children = (
				2EDBA8451BE8C08A00ED470C /* MovieRec */,
			);
			name = Products;
			sourceTree = "<group>";
		};
		2EDBA8471BE8C08A00ED470C /* Src */ = {
			isa = PBXGroup;
			children = (
				2EDBA8731BE8E3F600ED470C /* Structure */,
				2EDBA8481BE8C08A00ED470C /* main.cpp */,
			);
			name = Src;
			path = MovieRec;
			sourceTree = "<group>";
		};
		2EDBA86F1BE8C78000ED470C /* OpenCV */ = {
			isa = PBXGroup;
			children = (
				2EDBA84F1BE8C76800ED470C /* libopencv_calib3d.3.0.0.dylib */,
				2EDBA8501BE8C76800ED470C /* libopencv_core.3.0.0.dylib */,
				2EDBA8511BE8C76800ED470C /* libopencv_features2d.3.0.0.dylib */,
				2EDBA8521BE8C76800ED470C /* libopencv_flann.3.0.0.dylib */,
				2EDBA8531BE8C76800ED470C /* libopencv_highgui.3.0.0.dylib */,
				2EDBA8541BE8C76800ED470C /* libopencv_imgcodecs.3.0.0.dylib */,
				2EDBA8551BE8C76800ED470C /* libopencv_imgproc.3.0.0.dylib */,
				2EDBA8561BE8C76800ED470C /* libopencv_ml.3.0.0.dylib */,
				2EDBA8571BE8C76800ED470C /* libopencv_objdetect.3.0.0.dylib */,
				2EDBA8581BE8C76800ED470C /* libopencv_photo.3.0.0.dylib */,
				2EDBA8591BE8C76800ED470C /* libopencv_shape.3.0.0.dylib */,
				2EDBA85A1BE8C76800ED470C /* libopencv_stitching.3.0.0.dylib */,
				2EDBA85B1BE8C76800ED470C /* libopencv_superres.3.0.0.dylib */,
				2EDBA85C1BE8C76800ED470C /* libopencv_video.3.0.0.dylib */,
				2EDBA85D1BE8C76800ED470C /* libopencv_videoio.3.0.0.dylib */,
				2EDBA85E1BE8C76800ED470C /* libopencv_videostab.3.0.0.dylib */,
			);
			name = OpenCV;
			sourceTree = "<group>";
		};
		2EDBA8731BE8E3F600ED470C /* Structure */ = {
			isa = PBXGroup;
			children = (
				2EDBA8701BE8E3EC00ED470C /* MRImage.cpp */,
				2EDBA8711BE8E3EC00ED470C /* MRImage.h */,
			);
			name = Structure;
			sourceTree = "<group>";
		};
/* End PBXGroup section */

/* Begin PBXNativeTarget section */
		2EDBA8441BE8C08A00ED470C /* MovieRec */ = {
			isa = PBXNativeTarget;
			buildConfigurationList = 2EDBA84C1BE8C08A00ED470C /* Build configuration list for PBXNativeTarget "MovieRec" */;
			buildPhases = (
				2EDBA8411BE8C08A00ED470C /* Sources */,
				2EDBA8421BE8C08A00ED470C /* Frameworks */,
				2EDBA8431BE8C08A00ED470C /* CopyFiles */,
			);
			buildRules = (
			);
			dependencies = (
			);
			name = MovieRec;
			productName = MovieRec;
			productReference = 2EDBA8451BE8C08A00ED470C /* MovieRec */;
			productType = "com.apple.product-type.tool";
		};
/* End PBXNativeTarget section */

/* Begin PBXProject section */
		2EDBA83D1BE8C08A00ED470C /* Project object */ = {
			isa = PBXProject;
			attributes = {
				LastUpgradeCheck = 0640;
				ORGANIZATIONNAME = "Anton Krasnokutskiy";
				TargetAttributes = {
					2EDBA8441BE8C08A00ED470C = {
						CreatedOnToolsVersion = 6.4;
					};
				};
			};
			buildConfigurationList = 2EDBA8401BE8C08A00ED470C /* Build configuration list for PBXProject "MovieRec" */;
			compatibilityVersion = "Xcode 3.2";
			developmentRegion = English;
			hasScannedForEncodings = 0;
			knownRegions = (
				en,
			);
			mainGroup = 2EDBA83C1BE8C08A00ED470C;
			productRefGroup = 2EDBA8461BE8C08A00ED470C /* Products */;
			projectDirPath = "";
			projectRoot = "";
			targets = (
				2EDBA8441BE8C08A00ED470C /* MovieRec */,
			);
		};
/* End PBXProject section */

/* Begin PBXSourcesBuildPhase section */
		2EDBA8411BE8C08A00ED470C /* Sources */ = {
			isa = PBXSourcesBuildPhase;
			buildActionMask = 2147483647;
			files = (
				2EDBA8721BE8E3EC00ED470C /* MRImage.cpp in Sources */,
				2EDBA8491BE8C08A00ED470C /* main.cpp in Sources */,
			);
			runOnlyForDeploymentPostprocessing = 0;
		};
/* End PBXSourcesBuildPhase section */

/* Begin XCBuildConfiguration section */
		2EDBA84A1BE8C08A00ED470C /* Debug */ = {
			isa = XCBuildConfiguration;
			buildSettings = {
				ALWAYS_SEARCH_USER_PATHS = NO;
				CLANG_CXX_LANGUAGE_STANDARD = "gnu++0x";
				CLANG_CXX_LIBRARY = "libc++";
				CLANG_ENABLE_MODULES = YES;
				CLANG_ENABLE_OBJC_ARC = YES;
				CLANG_WARN_BOOL_CONVERSION = YES;
				CLANG_WARN_CONSTANT_CONVERSION = YES;
				CLANG_WARN_DIRECT_OBJC_ISA_USAGE = YES_ERROR;
				CLANG_WARN_EMPTY_BODY = YES;
				CLANG_WARN_ENUM_CONVERSION = YES;
				CLANG_WARN_INT_CONVERSION = YES;
				CLANG_WARN_OBJC_ROOT_CLASS = YES_ERROR;
				CLANG_WARN_UNREACHABLE_CODE = YES;
				CLANG_WARN__DUPLICATE_METHOD_MATCH = YES;
				COPY_PHASE_STRIP = NO;
				DEBUG_INFORMATION_FORMAT = dwarf;
				ENABLE_STRICT_OBJC_MSGSEND = YES;
				GCC_C_LANGUAGE_STANDARD = gnu99;
				GCC_DYNAMIC_NO_PIC = NO;
				GCC_NO_COMMON_BLOCKS = YES;
				GCC_OPTIMIZATION_LEVEL = 0;
				GCC_PREPROCESSOR_DEFINITIONS = (
					"DEBUG=1",
					"$(inherited)",
				);
				GCC_SYMBOLS_PRIVATE_EXTERN = NO;
				GCC_WARN_64_TO_32_BIT_CONVERSION = YES;
				GCC_WARN_ABOUT_RETURN_TYPE = YES_ERROR;
				GCC_WARN_UNDECLARED_SELECTOR = YES;
				GCC_WARN_UNINITIALIZED_AUTOS = YES_AGGRESSIVE;
				GCC_WARN_UNUSED_FUNCTION = YES;
				GCC_WARN_UNUSED_VARIABLE = YES;
				MACOSX_DEPLOYMENT_TARGET = 10.10;
				MTL_ENABLE_DEBUG_INFO = YES;
				ONLY_ACTIVE_ARCH = YES;
				SDKROOT = macosx;
			};
			name = Debug;
		};
		2EDBA84B1BE8C08A00ED470C /* Release */ = {
			isa = XCBuildConfiguration;
			buildSettings = {
				ALWAYS_SEARCH_USER_PATHS = NO;
				CLANG_CXX_LANGUAGE_STANDARD = "gnu++0x";
				CLANG_CXX_LIBRARY = "libc++";
				CLANG_ENABLE_MODULES = YES;
				CLANG_ENABLE_OBJC_ARC = YES;
				CLANG_WARN_BOOL_CONVERSION = YES;
				CLANG_WARN_CONSTANT_CONVERSION = YES;
				CLANG_WARN_DIRECT_OBJC_ISA_USAGE = YES_ERROR;
				CLANG_WARN_EMPTY_BODY = YES;
				CLANG_WARN_ENUM_CONVERSION = YES;
				CLANG_WARN_INT_CONVERSION = YES;
				CLANG_WARN_OBJC_ROOT_CLASS = YES_ERROR;
				CLANG_WARN_UNREACHABLE_CODE = YES;
				CLANG_WARN__DUPLICATE_METHOD_MATCH = YES;
				COPY_PHASE_STRIP = NO;
				DEBUG_INFORMATION_FORMAT = "dwarf-with-dsym";
				ENABLE_NS_ASSERTIONS = NO;
				ENABLE_STRICT_OBJC_MSGSEND = YES;
				GCC_C_LANGUAGE_STANDARD = gnu99;
				GCC_NO_COMMON_BLOCKS = YES;
				GCC_WARN_64_TO_32_BIT_CONVERSION = YES;
				GCC_WARN_ABOUT_RETURN_TYPE = YES_ERROR;
				GCC_WARN_UNDECLARED_SELECTOR = YES;
				GCC_WARN_UNINITIALIZED_AUTOS = YES_AGGRESSIVE;
				GCC_WARN_UNUSED_FUNCTION = YES;
				GCC_WARN_UNUSED_VARIABLE = YES;
				MACOSX_DEPLOYMENT_TARGET = 10.10;
				MTL_ENABLE_DEBUG_INFO = NO;
				SDKROOT = macosx;
			};
			name = Release;
		};
		2EDBA84D1BE8C08A00ED470C /* Debug */ = {
			isa = XCBuildConfiguration;
			buildSettings = {
				HEADER_SEARCH_PATHS = (
					"$(inherited)",
					/Applications/Xcode.app/Contents/Developer/Toolchains/XcodeDefault.xctoolchain/usr/include,
					/usr/local/include,
				);
				LIBRARY_SEARCH_PATHS = /usr/local/lib;
				OTHER_LDFLAGS = (
					"-lopencv_calib3d",
					"-lopencv_core",
					"-lopencv_features2d",
					"-lopencv_flann",
					"-lopencv_highgui",
					"-lopencv_imgcodecs",
					"-lopencv_imgproc",
					"-lopencv_ml",
					"-lopencv_objdetect",
					"-lopencv_photo",
					"-lopencv_shape",
					"-lopencv_stitching",
					"-lopencv_superres",
					"-lopencv_ts",
					"-lopencv_video",
					"-lopencv_videoio",
					"-lopencv_videostab",
				);
				PRODUCT_NAME = "$(TARGET_NAME)";
			};
			name = Debug;
		};
		2EDBA84E1BE8C08A00ED470C /* Release */ = {
			isa = XCBuildConfiguration;
			buildSettings = {
				HEADER_SEARCH_PATHS = (
					"$(inherited)",
					/Applications/Xcode.app/Contents/Developer/Toolchains/XcodeDefault.xctoolchain/usr/include,
					/usr/local/include,
				);
				LIBRARY_SEARCH_PATHS = /usr/local/lib;
				OTHER_LDFLAGS = (
					"-lopencv_calib3d",
					"-lopencv_core",
					"-lopencv_features2d",
					"-lopencv_flann",
					"-lopencv_highgui",
					"-lopencv_imgcodecs",
					"-lopencv_imgproc",
					"-lopencv_ml",
					"-lopencv_objdetect",
					"-lopencv_photo",
					"-lopencv_shape",
					"-lopencv_stitching",
					"-lopencv_superres",
					"-lopencv_ts",
					"-lopencv_video",
					"-lopencv_videoio",
					"-lopencv_videostab",
				);
				PRODUCT_NAME = "$(TARGET_NAME)";
			};
			name = Release;
		};
/* End XCBuildConfiguration section */

/* Begin XCConfigurationList section */
		2EDBA8401BE8C08A00ED470C /* Build configuration list for PBXProject "MovieRec" */ = {
			isa = XCConfigurationList;
			buildConfigurations = (
				2EDBA84A1BE8C08A00ED470C /* Debug */,
				2EDBA84B1BE8C08A00ED470C /* Release */,
			);
			defaultConfigurationIsVisible = 0;
			defaultConfigurationName = Release;
		};
		2EDBA84C1BE8C08A00ED470C /* Build configuration list for PBXNativeTarget "MovieRec" */ = {
			isa = XCConfigurationList;
			buildConfigurations = (
				2EDBA84D1BE8C08A00ED470C /* Debug */,
				2EDBA84E1BE8C08A00ED470C /* Release */,
			);
			defaultConfigurationIsVisible = 0;
		};
/* End XCConfigurationList section */
	};
	rootObject = 2EDBA83D1BE8C08A00ED470C /* Project object */;
}
